// !$*UTF8*$!
{
	archiveVersion = 1;
	classes = {
	};
	objectVersion = 50;
	objects = {

/* Begin PBXBuildFile section */
		95E3DFBF24C73DAD00856D98 /* AppDelegate.swift in Sources */ = {isa = PBXBuildFile; fileRef = 95E3DFBE24C73DAD00856D98 /* AppDelegate.swift */; };
		95E3DFC124C73DAD00856D98 /* SceneDelegate.swift in Sources */ = {isa = PBXBuildFile; fileRef = 95E3DFC024C73DAD00856D98 /* SceneDelegate.swift */; };
		95E3DFC824C73DAF00856D98 /* Assets.xcassets in Resources */ = {isa = PBXBuildFile; fileRef = 95E3DFC724C73DAF00856D98 /* Assets.xcassets */; };
		95E3DFCB24C73DAF00856D98 /* LaunchScreen.storyboard in Resources */ = {isa = PBXBuildFile; fileRef = 95E3DFC924C73DAF00856D98 /* LaunchScreen.storyboard */; };
		95E3DFD324C74D5400856D98 /* Main.storyboard in Resources */ = {isa = PBXBuildFile; fileRef = 95E3DFD224C74D5400856D98 /* Main.storyboard */; };
		95E3DFD524C74DAE00856D98 /* AlarmTableViewController.swift in Sources */ = {isa = PBXBuildFile; fileRef = 95E3DFD424C74DAE00856D98 /* AlarmTableViewController.swift */; };
		95E3DFD724C74FF400856D98 /* AlarmModel.swift in Sources */ = {isa = PBXBuildFile; fileRef = 95E3DFD624C74FF400856D98 /* AlarmModel.swift */; };
		95E3DFD924C753A100856D98 /* AlarmViewController.swift in Sources */ = {isa = PBXBuildFile; fileRef = 95E3DFD824C753A100856D98 /* AlarmViewController.swift */; };
		95E3DFDE24C76A2C00856D98 /* AlarmTableViewCell.swift in Sources */ = {isa = PBXBuildFile; fileRef = 95E3DFDC24C76A2C00856D98 /* AlarmTableViewCell.swift */; };
		95E3DFDF24C76A2C00856D98 /* AlarmTableViewCell.xib in Resources */ = {isa = PBXBuildFile; fileRef = 95E3DFDD24C76A2C00856D98 /* AlarmTableViewCell.xib */; };
/* End PBXBuildFile section */

/* Begin PBXFileReference section */
		95E3DFBB24C73DAD00856D98 /* alarm.app */ = {isa = PBXFileReference; explicitFileType = wrapper.application; includeInIndex = 0; path = alarm.app; sourceTree = BUILT_PRODUCTS_DIR; };
		95E3DFBE24C73DAD00856D98 /* AppDelegate.swift */ = {isa = PBXFileReference; lastKnownFileType = sourcecode.swift; path = AppDelegate.swift; sourceTree = "<group>"; };
		95E3DFC024C73DAD00856D98 /* SceneDelegate.swift */ = {isa = PBXFileReference; lastKnownFileType = sourcecode.swift; path = SceneDelegate.swift; sourceTree = "<group>"; };
		95E3DFC724C73DAF00856D98 /* Assets.xcassets */ = {isa = PBXFileReference; lastKnownFileType = folder.assetcatalog; path = Assets.xcassets; sourceTree = "<group>"; };
		95E3DFCA24C73DAF00856D98 /* Base */ = {isa = PBXFileReference; lastKnownFileType = file.storyboard; name = Base; path = Base.lproj/LaunchScreen.storyboard; sourceTree = "<group>"; };
		95E3DFCC24C73DAF00856D98 /* Info.plist */ = {isa = PBXFileReference; lastKnownFileType = text.plist.xml; path = Info.plist; sourceTree = "<group>"; };
		95E3DFD224C74D5400856D98 /* Main.storyboard */ = {isa = PBXFileReference; lastKnownFileType = file.storyboard; path = Main.storyboard; sourceTree = "<group>"; };
		95E3DFD424C74DAE00856D98 /* AlarmTableViewController.swift */ = {isa = PBXFileReference; lastKnownFileType = sourcecode.swift; path = AlarmTableViewController.swift; sourceTree = "<group>"; };
		95E3DFD624C74FF400856D98 /* AlarmModel.swift */ = {isa = PBXFileReference; lastKnownFileType = sourcecode.swift; path = AlarmModel.swift; sourceTree = "<group>"; };
		95E3DFD824C753A100856D98 /* AlarmViewController.swift */ = {isa = PBXFileReference; lastKnownFileType = sourcecode.swift; path = AlarmViewController.swift; sourceTree = "<group>"; };
		95E3DFDC24C76A2C00856D98 /* AlarmTableViewCell.swift */ = {isa = PBXFileReference; lastKnownFileType = sourcecode.swift; path = AlarmTableViewCell.swift; sourceTree = "<group>"; };
		95E3DFDD24C76A2C00856D98 /* AlarmTableViewCell.xib */ = {isa = PBXFileReference; lastKnownFileType = file.xib; path = AlarmTableViewCell.xib; sourceTree = "<group>"; };
/* End PBXFileReference section */

/* Begin PBXFrameworksBuildPhase section */
		95E3DFB824C73DAD00856D98 /* Frameworks */ = {
			isa = PBXFrameworksBuildPhase;
			buildActionMask = 2147483647;
			files = (
			);
			runOnlyForDeploymentPostprocessing = 0;
		};
/* End PBXFrameworksBuildPhase section */

/* Begin PBXGroup section */
		95E3DFB224C73DAD00856D98 = {
			isa = PBXGroup;
			children = (
				95E3DFBD24C73DAD00856D98 /* alarm */,
				95E3DFBC24C73DAD00856D98 /* Products */,
			);
			sourceTree = "<group>";
		};
		95E3DFBC24C73DAD00856D98 /* Products */ = {
			isa = PBXGroup;
			children = (
				95E3DFBB24C73DAD00856D98 /* alarm.app */,
			);
			name = Products;
			sourceTree = "<group>";
		};
		95E3DFBD24C73DAD00856D98 /* alarm */ = {
			isa = PBXGroup;
			children = (
				95E3DFBE24C73DAD00856D98 /* AppDelegate.swift */,
				95E3DFC024C73DAD00856D98 /* SceneDelegate.swift */,
				95E3DFD224C74D5400856D98 /* Main.storyboard */,
				95E3DFD424C74DAE00856D98 /* AlarmTableViewController.swift */,
				95E3DFDC24C76A2C00856D98 /* AlarmTableViewCell.swift */,
				95E3DFDD24C76A2C00856D98 /* AlarmTableViewCell.xib */,
				95E3DFD824C753A100856D98 /* AlarmViewController.swift */,
				95E3DFD624C74FF400856D98 /* AlarmModel.swift */,
				95E3DFC724C73DAF00856D98 /* Assets.xcassets */,
				95E3DFC924C73DAF00856D98 /* LaunchScreen.storyboard */,
				95E3DFCC24C73DAF00856D98 /* Info.plist */,
			);
			path = alarm;
			sourceTree = "<group>";
		};
/* End PBXGroup section */

/* Begin PBXNativeTarget section */
		95E3DFBA24C73DAD00856D98 /* alarm */ = {
			isa = PBXNativeTarget;
			buildConfigurationList = 95E3DFCF24C73DAF00856D98 /* Build configuration list for PBXNativeTarget "alarm" */;
			buildPhases = (
				95E3DFB724C73DAD00856D98 /* Sources */,
				95E3DFB824C73DAD00856D98 /* Frameworks */,
				95E3DFB924C73DAD00856D98 /* Resources */,
			);
			buildRules = (
			);
			dependencies = (
			);
			name = alarm;
			productName = alarm;
			productReference = 95E3DFBB24C73DAD00856D98 /* alarm.app */;
			productType = "com.apple.product-type.application";
		};
/* End PBXNativeTarget section */

/* Begin PBXProject section */
		95E3DFB324C73DAD00856D98 /* Project object */ = {
			isa = PBXProject;
			attributes = {
				LastSwiftUpdateCheck = 1150;
				LastUpgradeCheck = 1150;
				ORGANIZATIONNAME = anna;
				TargetAttributes = {
					95E3DFBA24C73DAD00856D98 = {
						CreatedOnToolsVersion = 11.5;
					};
				};
			};
			buildConfigurationList = 95E3DFB624C73DAD00856D98 /* Build configuration list for PBXProject "alarm" */;
			compatibilityVersion = "Xcode 9.3";
			developmentRegion = en;
			hasScannedForEncodings = 0;
			knownRegions = (
				en,
				Base,
			);
			mainGroup = 95E3DFB224C73DAD00856D98;
			productRefGroup = 95E3DFBC24C73DAD00856D98 /* Products */;
			projectDirPath = "";
			projectRoot = "";
			targets = (
				95E3DFBA24C73DAD00856D98 /* alarm */,
			);
		};
/* End PBXProject section */

/* Begin PBXResourcesBuildPhase section */
		95E3DFB924C73DAD00856D98 /* Resources */ = {
			isa = PBXResourcesBuildPhase;
			buildActionMask = 2147483647;
			files = (
				95E3DFD324C74D5400856D98 /* Main.storyboard in Resources */,
				95E3DFCB24C73DAF00856D98 /* LaunchScreen.storyboard in Resources */,
				95E3DFC824C73DAF00856D98 /* Assets.xcassets in Resources */,
				95E3DFDF24C76A2C00856D98 /* AlarmTableViewCell.xib in Resources */,
			);
			runOnlyForDeploymentPostprocessing = 0;
		};
/* End PBXResourcesBuildPhase section */

/* Begin PBXSourcesBuildPhase section */
		95E3DFB724C73DAD00856D98 /* Sources */ = {
			isa = PBXSourcesBuildPhase;
			buildActionMask = 2147483647;
			files = (
				95E3DFD924C753A100856D98 /* AlarmViewController.swift in Sources */,
				95E3DFD724C74FF400856D98 /* AlarmModel.swift in Sources */,
				95E3DFD524C74DAE00856D98 /* AlarmTableViewController.swift in Sources */,
				95E3DFBF24C73DAD00856D98 /* AppDelegate.swift in Sources */,
				95E3DFC124C73DAD00856D98 /* SceneDelegate.swift in Sources */,
				95E3DFDE24C76A2C00856D98 /* AlarmTableViewCell.swift in Sources */,
			);
			runOnlyForDeploymentPostprocessing = 0;
		};
/* End PBXSourcesBuildPhase section */

/* Begin PBXVariantGroup section */
		95E3DFC924C73DAF00856D98 /* LaunchScreen.storyboard */ = {
			isa = PBXVariantGroup;
			children = (
				95E3DFCA24C73DAF00856D98 /* Base */,
			);
			name = LaunchScreen.storyboard;
			sourceTree = "<group>";
		};
/* End PBXVariantGroup section */

/* Begin XCBuildConfiguration section */
		95E3DFCD24C73DAF00856D98 /* Debug */ = {
			isa = XCBuildConfiguration;
			buildSettings = {
				ALWAYS_SEARCH_USER_PATHS = NO;
				CLANG_ANALYZER_NONNULL = YES;
				CLANG_ANALYZER_NUMBER_OBJECT_CONVERSION = YES_AGGRESSIVE;
				CLANG_CXX_LANGUAGE_STANDARD = "gnu++14";
				CLANG_CXX_LIBRARY = "libc++";
				CLANG_ENABLE_MODULES = YES;
				CLANG_ENABLE_OBJC_ARC = YES;
				CLANG_ENABLE_OBJC_WEAK = YES;
				CLANG_WARN_BLOCK_CAPTURE_AUTORELEASING = YES;
				CLANG_WARN_BOOL_CONVERSION = YES;
				CLANG_WARN_COMMA = YES;
				CLANG_WARN_CONSTANT_CONVERSION = YES;
				CLANG_WARN_DEPRECATED_OBJC_IMPLEMENTATIONS = YES;
				CLANG_WARN_DIRECT_OBJC_ISA_USAGE = YES_ERROR;
				CLANG_WARN_DOCUMENTATION_COMMENTS = YES;
				CLANG_WARN_EMPTY_BODY = YES;
				CLANG_WARN_ENUM_CONVERSION = YES;
				CLANG_WARN_INFINITE_RECURSION = YES;
				CLANG_WARN_INT_CONVERSION = YES;
				CLANG_WARN_NON_LITERAL_NULL_CONVERSION = YES;
				CLANG_WARN_OBJC_IMPLICIT_RETAIN_SELF = YES;
				CLANG_WARN_OBJC_LITERAL_CONVERSION = YES;
				CLANG_WARN_OBJC_ROOT_CLASS = YES_ERROR;
				CLANG_WARN_RANGE_LOOP_ANALYSIS = YES;
				CLANG_WARN_STRICT_PROTOTYPES = YES;
				CLANG_WARN_SUSPICIOUS_MOVE = YES;
				CLANG_WARN_UNGUARDED_AVAILABILITY = YES_AGGRESSIVE;
				CLANG_WARN_UNREACHABLE_CODE = YES;
				CLANG_WARN__DUPLICATE_METHOD_MATCH = YES;
				COPY_PHASE_STRIP = NO;
				DEBUG_INFORMATION_FORMAT = dwarf;
				ENABLE_STRICT_OBJC_MSGSEND = YES;
				ENABLE_TESTABILITY = YES;
				GCC_C_LANGUAGE_STANDARD = gnu11;
				GCC_DYNAMIC_NO_PIC = NO;
				GCC_NO_COMMON_BLOCKS = YES;
				GCC_OPTIMIZATION_LEVEL = 0;
				GCC_PREPROCESSOR_DEFINITIONS = (
					"DEBUG=1",
					"$(inherited)",
				);
				GCC_WARN_64_TO_32_BIT_CONVERSION = YES;
				GCC_WARN_ABOUT_RETURN_TYPE = YES_ERROR;
				GCC_WARN_UNDECLARED_SELECTOR = YES;
				GCC_WARN_UNINITIALIZED_AUTOS = YES_AGGRESSIVE;
				GCC_WARN_UNUSED_FUNCTION = YES;
				GCC_WARN_UNUSED_VARIABLE = YES;
				IPHONEOS_DEPLOYMENT_TARGET = 13.5;
				MTL_ENABLE_DEBUG_INFO = INCLUDE_SOURCE;
				MTL_FAST_MATH = YES;
				ONLY_ACTIVE_ARCH = YES;
				SDKROOT = iphoneos;
				SWIFT_ACTIVE_COMPILATION_CONDITIONS = DEBUG;
				SWIFT_OPTIMIZATION_LEVEL = "-Onone";
			};
			name = Debug;
		};
		95E3DFCE24C73DAF00856D98 /* Release */ = {
			isa = XCBuildConfiguration;
			buildSettings = {
				ALWAYS_SEARCH_USER_PATHS = NO;
				CLANG_ANALYZER_NONNULL = YES;
				CLANG_ANALYZER_NUMBER_OBJECT_CONVERSION = YES_AGGRESSIVE;
				CLANG_CXX_LANGUAGE_STANDARD = "gnu++14";
				CLANG_CXX_LIBRARY = "libc++";
				CLANG_ENABLE_MODULES = YES;
				CLANG_ENABLE_OBJC_ARC = YES;
				CLANG_ENABLE_OBJC_WEAK = YES;
				CLANG_WARN_BLOCK_CAPTURE_AUTORELEASING = YES;
				CLANG_WARN_BOOL_CONVERSION = YES;
				CLANG_WARN_COMMA = YES;
				CLANG_WARN_CONSTANT_CONVERSION = YES;
				CLANG_WARN_DEPRECATED_OBJC_IMPLEMENTATIONS = YES;
				CLANG_WARN_DIRECT_OBJC_ISA_USAGE = YES_ERROR;
				CLANG_WARN_DOCUMENTATION_COMMENTS = YES;
				CLANG_WARN_EMPTY_BODY = YES;
				CLANG_WARN_ENUM_CONVERSION = YES;
				CLANG_WARN_INFINITE_RECURSION = YES;
				CLANG_WARN_INT_CONVERSION = YES;
				CLANG_WARN_NON_LITERAL_NULL_CONVERSION = YES;
				CLANG_WARN_OBJC_IMPLICIT_RETAIN_SELF = YES;
				CLANG_WARN_OBJC_LITERAL_CONVERSION = YES;
				CLANG_WARN_OBJC_ROOT_CLASS = YES_ERROR;
				CLANG_WARN_RANGE_LOOP_ANALYSIS = YES;
				CLANG_WARN_STRICT_PROTOTYPES = YES;
				CLANG_WARN_SUSPICIOUS_MOVE = YES;
				CLANG_WARN_UNGUARDED_AVAILABILITY = YES_AGGRESSIVE;
				CLANG_WARN_UNREACHABLE_CODE = YES;
				CLANG_WARN__DUPLICATE_METHOD_MATCH = YES;
				COPY_PHASE_STRIP = NO;
				DEBUG_INFORMATION_FORMAT = "dwarf-with-dsym";
				ENABLE_NS_ASSERTIONS = NO;
				ENABLE_STRICT_OBJC_MSGSEND = YES;
				GCC_C_LANGUAGE_STANDARD = gnu11;
				GCC_NO_COMMON_BLOCKS = YES;
				GCC_WARN_64_TO_32_BIT_CONVERSION = YES;
				GCC_WARN_ABOUT_RETURN_TYPE = YES_ERROR;
				GCC_WARN_UNDECLARED_SELECTOR = YES;
				GCC_WARN_UNINITIALIZED_AUTOS = YES_AGGRESSIVE;
				GCC_WARN_UNUSED_FUNCTION = YES;
				GCC_WARN_UNUSED_VARIABLE = YES;
				IPHONEOS_DEPLOYMENT_TARGET = 13.5;
				MTL_ENABLE_DEBUG_INFO = NO;
				MTL_FAST_MATH = YES;
				SDKROOT = iphoneos;
				SWIFT_COMPILATION_MODE = wholemodule;
				SWIFT_OPTIMIZATION_LEVEL = "-O";
				VALIDATE_PRODUCT = YES;
			};
			name = Release;
		};
		95E3DFD024C73DAF00856D98 /* Debug */ = {
			isa = XCBuildConfiguration;
			buildSettings = {
				ASSETCATALOG_COMPILER_APPICON_NAME = AppIcon;
				CODE_SIGN_STYLE = Automatic;
				INFOPLIST_FILE = alarm/Info.plist;
				LD_RUNPATH_SEARCH_PATHS = (
					"$(inherited)",
					"@executable_path/Frameworks",
				);
				PRODUCT_BUNDLE_IDENTIFIER = com.com.com.alarm;
				PRODUCT_NAME = "$(TARGET_NAME)";
				SWIFT_VERSION = 5.0;
				TARGETED_DEVICE_FAMILY = "1,2";
			};
			name = Debug;
		};
		95E3DFD124C73DAF00856D98 /* Release */ = {
			isa = XCBuildConfiguration;
			buildSettings = {
				ASSETCATALOG_COMPILER_APPICON_NAME = AppIcon;
				CODE_SIGN_STYLE = Automatic;
				INFOPLIST_FILE = alarm/Info.plist;
				LD_RUNPATH_SEARCH_PATHS = (
					"$(inherited)",
					"@executable_path/Frameworks",
				);
				PRODUCT_BUNDLE_IDENTIFIER = com.com.com.alarm;
				PRODUCT_NAME = "$(TARGET_NAME)";
				SWIFT_VERSION = 5.0;
				TARGETED_DEVICE_FAMILY = "1,2";
			};
			name = Release;
		};
/* End XCBuildConfiguration section */

/* Begin XCConfigurationList section */
		95E3DFB624C73DAD00856D98 /* Build configuration list for PBXProject "alarm" */ = {
			isa = XCConfigurationList;
			buildConfigurations = (
				95E3DFCD24C73DAF00856D98 /* Debug */,
				95E3DFCE24C73DAF00856D98 /* Release */,
			);
			defaultConfigurationIsVisible = 0;
			defaultConfigurationName = Release;
		};
		95E3DFCF24C73DAF00856D98 /* Build configuration list for PBXNativeTarget "alarm" */ = {
			isa = XCConfigurationList;
			buildConfigurations = (
				95E3DFD024C73DAF00856D98 /* Debug */,
				95E3DFD124C73DAF00856D98 /* Release */,
			);
			defaultConfigurationIsVisible = 0;
			defaultConfigurationName = Release;
		};
/* End XCConfigurationList section */
	};
	rootObject = 95E3DFB324C73DAD00856D98 /* Project object */;
}
